
Microsoft Visual Studio Solution File, Format Version 12.00
# Visual Studio Version 17
VisualStudioVersion = 17.9.34728.123
MinimumVisualStudioVersion = 10.0.40219.1
Project("{FAE04EC0-301F-11D3-BF4B-00C04F79EFBC}") = "ElTiempoAutomation", "ElTiempoAutomation\ElTiempoAutomation.csproj", "{4799D7DF-FBAE-4CA2-9A4A-D4C63003F468}"
EndProject
Global
	GlobalSection(SolutionConfigurationPlatforms) = preSolution
		Debug|Any CPU = Debug|Any CPU
		Release|Any CPU = Release|Any CPU
	EndGlobalSection
	GlobalSection(ProjectConfigurationPlatforms) = postSolution
		{4799D7DF-FBAE-4CA2-9A4A-D4C63003F468}.Debug|Any CPU.ActiveCfg = Debug|Any CPU
		{4799D7DF-FBAE-4CA2-9A4A-D4C63003F468}.Debug|Any CPU.Build.0 = Debug|Any CPU
		{4799D7DF-FBAE-4CA2-9A4A-D4C63003F468}.Release|Any CPU.ActiveCfg = Release|Any CPU
		{4799D7DF-FBAE-4CA2-9A4A-D4C63003F468}.Release|Any CPU.Build.0 = Release|Any CPU
	EndGlobalSection
	GlobalSection(SolutionProperties) = preSolution
		HideSolutionNode = FALSE
	EndGlobalSection
	GlobalSection(ExtensibilityGlobals) = postSolution
		SolutionGuid = {02F7D4DD-55B5-4228-90F8-601D6C90E43E}
	EndGlobalSection
EndGlobal
